{
  "name": "sample-distribution",
  "version": "1.3.1",
  "lockfileVersion": 2,
  "requires": true,
  "packages": {
    "": {
      "version": "1.3.1",
      "license": "MIT",
      "devDependencies": {
        "assert-op": "^1.1.0",
        "norm-dist": "^3.0.0"
      }
    },
    "node_modules/assert-op": {
      "version": "1.1.0",
      "resolved": "https://registry.npmjs.org/assert-op/-/assert-op-1.1.0.tgz",
      "integrity": "sha512-m0m+/8PhOyil5VODlE5wHwz8gf+gWptoLXwuNFrwvXnj4T+ertmDw6rZPWd2Dyh/6rdpI53v2yaCZCZh4zAKqQ==",
      "dev": true
    },
    "node_modules/norm-dist": {
      "version": "3.0.0",
      "resolved": "https://registry.npmjs.org/norm-dist/-/norm-dist-3.0.0.tgz",
      "integrity": "sha512-bQeiZAb6GJnWbJ58H4fzAuBOLbFsEtTl6Jr23Q8tbdi+pB2qXIygmeUgm3UoQYPRFSOQHUhLV4hGXsAaa16F8Q==",
      "dev": true
    }
  },
  "dependencies": {
    "assert-op": {
      "version": "1.1.0",
      "resolved": "https://registry.npmjs.org/assert-op/-/assert-op-1.1.0.tgz",
      "integrity": "sha512-m0m+/8PhOyil5VODlE5wHwz8gf+gWptoLXwuNFrwvXnj4T+ertmDw6rZPWd2Dyh/6rdpI53v2yaCZCZh4zAKqQ==",
      "dev": true
    },
    "norm-dist": {
      "version": "3.0.0",
      "resolved": "https://registry.npmjs.org/norm-dist/-/norm-dist-3.0.0.tgz",
      "integrity": "sha512-bQeiZAb6GJnWbJ58H4fzAuBOLbFsEtTl6Jr23Q8tbdi+pB2qXIygmeUgm3UoQYPRFSOQHUhLV4hGXsAaa16F8Q==",
      "dev": true
    }
  }
}
