{
  "name": "sample-distribution",
  "version": "1.1.0",
  "lockfileVersion": 2,
  "requires": true,
  "packages": {
    "": {
      "version": "1.1.0",
      "license": "MIT",
      "devDependencies": {
        "@types/node": "^14.14.28",
        "assert-op": "^0.7.0",
        "norm-dist": "^3.0.0"
      }
    },
    "node_modules/@types/node": {
      "version": "14.14.28",
      "resolved": "https://registry.npmjs.org/@types/node/-/node-14.14.28.tgz",
      "integrity": "sha512-lg55ArB+ZiHHbBBttLpzD07akz0QPrZgUODNakeC09i62dnrywr9mFErHuaPlB6I7z+sEbK+IYmplahvplCj2g==",
      "dev": true
    },
    "node_modules/assert-op": {
      "version": "0.7.0",
      "resolved": "https://registry.npmjs.org/assert-op/-/assert-op-0.7.0.tgz",
      "integrity": "sha512-wUEUS1YAIzRttl+3KX4N1w0GbcrOlzqAZ8Q64VmcGK0E7Pch84+YFvUjQ2QkE69asiODSQDL1pB5MBsRwug7EA==",
      "dev": true
    },
    "node_modules/norm-dist": {
      "version": "3.0.0",
      "resolved": "https://registry.npmjs.org/norm-dist/-/norm-dist-3.0.0.tgz",
      "integrity": "sha512-bQeiZAb6GJnWbJ58H4fzAuBOLbFsEtTl6Jr23Q8tbdi+pB2qXIygmeUgm3UoQYPRFSOQHUhLV4hGXsAaa16F8Q==",
      "dev": true
    }
  },
  "dependencies": {
    "@types/node": {
      "version": "14.14.28",
      "resolved": "https://registry.npmjs.org/@types/node/-/node-14.14.28.tgz",
      "integrity": "sha512-lg55ArB+ZiHHbBBttLpzD07akz0QPrZgUODNakeC09i62dnrywr9mFErHuaPlB6I7z+sEbK+IYmplahvplCj2g==",
      "dev": true
    },
    "assert-op": {
      "version": "0.7.0",
      "resolved": "https://registry.npmjs.org/assert-op/-/assert-op-0.7.0.tgz",
      "integrity": "sha512-wUEUS1YAIzRttl+3KX4N1w0GbcrOlzqAZ8Q64VmcGK0E7Pch84+YFvUjQ2QkE69asiODSQDL1pB5MBsRwug7EA==",
      "dev": true
    },
    "norm-dist": {
      "version": "3.0.0",
      "resolved": "https://registry.npmjs.org/norm-dist/-/norm-dist-3.0.0.tgz",
      "integrity": "sha512-bQeiZAb6GJnWbJ58H4fzAuBOLbFsEtTl6Jr23Q8tbdi+pB2qXIygmeUgm3UoQYPRFSOQHUhLV4hGXsAaa16F8Q==",
      "dev": true
    }
  }
}
