{
  "name": "sample-distribution",
  "version": "1.5.0",
  "lockfileVersion": 2,
  "requires": true,
  "packages": {
    "": {
      "name": "sample-distribution",
      "version": "1.5.0",
      "license": "MIT",
      "devDependencies": {
        "assert-op": "^1.2.0",
        "norm-dist": "^3.1.0"
      }
    },
    "node_modules/assert-op": {
      "version": "1.2.0",
      "resolved": "https://registry.npmjs.org/assert-op/-/assert-op-1.2.0.tgz",
      "integrity": "sha512-s/dYgBihn8VD/8SiYBJ9U3jlQLu3BFL2oZ/+fF3CQTIW9zhJkUFUkOT5ig9V5oepYIq+Eyyms8hIdcB4a5I0hg==",
      "dev": true
    },
    "node_modules/norm-dist": {
      "version": "3.1.0",
      "resolved": "https://registry.npmjs.org/norm-dist/-/norm-dist-3.1.0.tgz",
      "integrity": "sha512-Bd1Kb0Qx5eWjNxft8gWwjqTCi7LI7kvsQb3fT+JbOj++3B4mZWiOt8fpgQ8LJF+/zvT05b2HHk9EKjkqzpsD/w==",
      "dev": true
    }
  },
  "dependencies": {
    "assert-op": {
      "version": "1.2.0",
      "resolved": "https://registry.npmjs.org/assert-op/-/assert-op-1.2.0.tgz",
      "integrity": "sha512-s/dYgBihn8VD/8SiYBJ9U3jlQLu3BFL2oZ/+fF3CQTIW9zhJkUFUkOT5ig9V5oepYIq+Eyyms8hIdcB4a5I0hg==",
      "dev": true
    },
    "norm-dist": {
      "version": "3.1.0",
      "resolved": "https://registry.npmjs.org/norm-dist/-/norm-dist-3.1.0.tgz",
      "integrity": "sha512-Bd1Kb0Qx5eWjNxft8gWwjqTCi7LI7kvsQb3fT+JbOj++3B4mZWiOt8fpgQ8LJF+/zvT05b2HHk9EKjkqzpsD/w==",
      "dev": true
    }
  }
}
